
Microsoft Visual Studio Solution File, Format Version 12.00
# Visual Studio Version 17
VisualStudioVersion = 17.8.34330.188
MinimumVisualStudioVersion = 10.0.40219.1
Project("{FAE04EC0-301F-11D3-BF4B-00C04F79EFBC}") = "Calentamiento", "Calentamiento\Calentamiento.csproj", "{ECB26AC1-1CB3-48AD-99A8-8C38A71907CC}"
EndProject
Global
	GlobalSection(SolutionConfigurationPlatforms) = preSolution
		Debug|Any CPU = Debug|Any CPU
		Release|Any CPU = Release|Any CPU
	EndGlobalSection
	GlobalSection(ProjectConfigurationPlatforms) = postSolution
		{ECB26AC1-1CB3-48AD-99A8-8C38A71907CC}.Debug|Any CPU.ActiveCfg = Debug|Any CPU
		{ECB26AC1-1CB3-48AD-99A8-8C38A71907CC}.Debug|Any CPU.Build.0 = Debug|Any CPU
		{ECB26AC1-1CB3-48AD-99A8-8C38A71907CC}.Release|Any CPU.ActiveCfg = Release|Any CPU
		{ECB26AC1-1CB3-48AD-99A8-8C38A71907CC}.Release|Any CPU.Build.0 = Release|Any CPU
	EndGlobalSection
	GlobalSection(SolutionProperties) = preSolution
		HideSolutionNode = FALSE
	EndGlobalSection
	GlobalSection(ExtensibilityGlobals) = postSolution
		SolutionGuid = {08DF26B4-FA04-47DD-9063-751CB2A441E4}
	EndGlobalSection
EndGlobal
